
Microsoft Visual Studio Solution File, Format Version 12.00
# Visual Studio Version 17
VisualStudioVersion = 17.11.35219.272
MinimumVisualStudioVersion = 10.0.40219.1
Project("{FAE04EC0-301F-11D3-BF4B-00C04F79EFBC}") = "NotificationSystem", "NotificationSystem\NotificationSystem.csproj", "{0A1C2665-FCB4-4EEB-8293-6F0D3E6340EB}"
EndProject
Global
	GlobalSection(SolutionConfigurationPlatforms) = preSolution
		Debug|Any CPU = Debug|Any CPU
		Release|Any CPU = Release|Any CPU
	EndGlobalSection
	GlobalSection(ProjectConfigurationPlatforms) = postSolution
		{0A1C2665-FCB4-4EEB-8293-6F0D3E6340EB}.Debug|Any CPU.ActiveCfg = Debug|Any CPU
		{0A1C2665-FCB4-4EEB-8293-6F0D3E6340EB}.Debug|Any CPU.Build.0 = Debug|Any CPU
		{0A1C2665-FCB4-4EEB-8293-6F0D3E6340EB}.Release|Any CPU.ActiveCfg = Release|Any CPU
		{0A1C2665-FCB4-4EEB-8293-6F0D3E6340EB}.Release|Any CPU.Build.0 = Release|Any CPU
	EndGlobalSection
	GlobalSection(SolutionProperties) = preSolution
		HideSolutionNode = FALSE
	EndGlobalSection
	GlobalSection(ExtensibilityGlobals) = postSolution
		SolutionGuid = {4725BB3B-51CF-4404-ADB4-1DB4BFB8ACF1}
	EndGlobalSection
EndGlobal
